// !$*UTF8*$!
{
	archiveVersion = 1;
	classes = {
	};
	objectVersion = 56;
	objects = {

/* Begin PBXBuildFile section */
		A10000000000000000000001 /* HermesRunsApp.swift in Sources */ = {isa = PBXBuildFile; fileRef = B10000000000000000000001 /* HermesRunsApp.swift */; };
		A10000000000000000000002 /* HermesModels.swift in Sources */ = {isa = PBXBuildFile; fileRef = B10000000000000000000002 /* HermesModels.swift */; };
		A10000000000000000000003 /* HermesAPIClient.swift in Sources */ = {isa = PBXBuildFile; fileRef = B10000000000000000000003 /* HermesAPIClient.swift */; };
		A10000000000000000000004 /* KeychainStore.swift in Sources */ = {isa = PBXBuildFile; fileRef = B10000000000000000000004 /* KeychainStore.swift */; };
		A10000000000000000000005 /* SessionStore.swift in Sources */ = {isa = PBXBuildFile; fileRef = B10000000000000000000005 /* SessionStore.swift */; };
		A10000000000000000000006 /* HermesTheme.swift in Sources */ = {isa = PBXBuildFile; fileRef = B10000000000000000000006 /* HermesTheme.swift */; };
		A10000000000000000000007 /* RootView.swift in Sources */ = {isa = PBXBuildFile; fileRef = B10000000000000000000007 /* RootView.swift */; };
		A10000000000000000000008 /* LoginView.swift in Sources */ = {isa = PBXBuildFile; fileRef = B10000000000000000000008 /* LoginView.swift */; };
		A10000000000000000000009 /* MainTabView.swift in Sources */ = {isa = PBXBuildFile; fileRef = B10000000000000000000009 /* MainTabView.swift */; };
		A1000000000000000000000A /* TodayView.swift in Sources */ = {isa = PBXBuildFile; fileRef = B1000000000000000000000A /* TodayView.swift */; };
		A1000000000000000000000B /* RunsView.swift in Sources */ = {isa = PBXBuildFile; fileRef = B1000000000000000000000B /* RunsView.swift */; };
		A1000000000000000000000C /* ShoesView.swift in Sources */ = {isa = PBXBuildFile; fileRef = B1000000000000000000000C /* ShoesView.swift */; };
		A1000000000000000000000D /* SettingsView.swift in Sources */ = {isa = PBXBuildFile; fileRef = B1000000000000000000000D /* SettingsView.swift */; };
		A1000000000000000000000F /* MoreView.swift in Sources */ = {isa = PBXBuildFile; fileRef = B10000000000000000000010 /* MoreView.swift */; };
		A10000000000000000000010 /* AnalysisView.swift in Sources */ = {isa = PBXBuildFile; fileRef = B10000000000000000000011 /* AnalysisView.swift */; };
		A10000000000000000000011 /* RacesView.swift in Sources */ = {isa = PBXBuildFile; fileRef = B10000000000000000000012 /* RacesView.swift */; };
		A10000000000000000000012 /* ScheduleView.swift in Sources */ = {isa = PBXBuildFile; fileRef = B10000000000000000000013 /* ScheduleView.swift */; };
		A10000000000000000000013 /* RewardsView.swift in Sources */ = {isa = PBXBuildFile; fileRef = B10000000000000000000014 /* RewardsView.swift */; };
		A10000000000000000000014 /* ProfileView.swift in Sources */ = {isa = PBXBuildFile; fileRef = B10000000000000000000015 /* ProfileView.swift */; };
		A10000000000000000000015 /* WeatherView.swift in Sources */ = {isa = PBXBuildFile; fileRef = B10000000000000000000016 /* WeatherView.swift */; };
		A10000000000000000000016 /* ForgotPasswordView.swift in Sources */ = {isa = PBXBuildFile; fileRef = B10000000000000000000017 /* ForgotPasswordView.swift */; };
		A10000000000000000000017 /* RunDetailView.swift in Sources */ = {isa = PBXBuildFile; fileRef = B10000000000000000000018 /* RunDetailView.swift */; };
		A10000000000000000000018 /* ShoeEditorView.swift in Sources */ = {isa = PBXBuildFile; fileRef = B10000000000000000000019 /* ShoeEditorView.swift */; };
		A10000000000000000000019 /* RaceEditorView.swift in Sources */ = {isa = PBXBuildFile; fileRef = B10000000000000000000020 /* RaceEditorView.swift */; };
		A10000000000000000000020 /* MuscleTrainingView.swift in Sources */ = {isa = PBXBuildFile; fileRef = B10000000000000000000021 /* MuscleTrainingView.swift */; };
		A10000000000000000000021 /* WellnessView.swift in Sources */ = {isa = PBXBuildFile; fileRef = B10000000000000000000022 /* WellnessView.swift */; };
		A10000000000000000000022 /* StravaSyncView.swift in Sources */ = {isa = PBXBuildFile; fileRef = B10000000000000000000023 /* StravaSyncView.swift */; };
		A10000000000000000000024 /* ImportDataView.swift in Sources */ = {isa = PBXBuildFile; fileRef = B10000000000000000000024 /* ImportDataView.swift */; };
		A10000000000000000000025 /* RaceDetailView.swift in Sources */ = {isa = PBXBuildFile; fileRef = B10000000000000000000025 /* RaceDetailView.swift */; };
		A1000000000000000000000E /* HermesRunsTests.swift in Sources */ = {isa = PBXBuildFile; fileRef = B1000000000000000000000F /* HermesRunsTests.swift */; };
/* End PBXBuildFile section */

/* Begin PBXContainerItemProxy section */
		C10000000000000000000001 /* PBXContainerItemProxy */ = {
			isa = PBXContainerItemProxy;
			containerPortal = C10000000000000000000002 /* Project object */;
			proxyType = 1;
			remoteGlobalIDString = D10000000000000000000001;
			remoteInfo = HermesRuns;
		};
/* End PBXContainerItemProxy section */

/* Begin PBXFileReference section */
		B10000000000000000000001 /* HermesRunsApp.swift */ = {isa = PBXFileReference; lastKnownFileType = sourcecode.swift; path = HermesRunsApp.swift; sourceTree = "<group>"; };
		B10000000000000000000002 /* HermesModels.swift */ = {isa = PBXFileReference; lastKnownFileType = sourcecode.swift; path = HermesModels.swift; sourceTree = "<group>"; };
		B10000000000000000000003 /* HermesAPIClient.swift */ = {isa = PBXFileReference; lastKnownFileType = sourcecode.swift; path = HermesAPIClient.swift; sourceTree = "<group>"; };
		B10000000000000000000004 /* KeychainStore.swift */ = {isa = PBXFileReference; lastKnownFileType = sourcecode.swift; path = KeychainStore.swift; sourceTree = "<group>"; };
		B10000000000000000000005 /* SessionStore.swift */ = {isa = PBXFileReference; lastKnownFileType = sourcecode.swift; path = SessionStore.swift; sourceTree = "<group>"; };
		B10000000000000000000006 /* HermesTheme.swift */ = {isa = PBXFileReference; lastKnownFileType = sourcecode.swift; path = HermesTheme.swift; sourceTree = "<group>"; };
		B10000000000000000000007 /* RootView.swift */ = {isa = PBXFileReference; lastKnownFileType = sourcecode.swift; path = RootView.swift; sourceTree = "<group>"; };
		B10000000000000000000008 /* LoginView.swift */ = {isa = PBXFileReference; lastKnownFileType = sourcecode.swift; path = LoginView.swift; sourceTree = "<group>"; };
		B10000000000000000000009 /* MainTabView.swift */ = {isa = PBXFileReference; lastKnownFileType = sourcecode.swift; path = MainTabView.swift; sourceTree = "<group>"; };
		B1000000000000000000000A /* TodayView.swift */ = {isa = PBXFileReference; lastKnownFileType = sourcecode.swift; path = TodayView.swift; sourceTree = "<group>"; };
		B1000000000000000000000B /* RunsView.swift */ = {isa = PBXFileReference; lastKnownFileType = sourcecode.swift; path = RunsView.swift; sourceTree = "<group>"; };
		B1000000000000000000000C /* ShoesView.swift */ = {isa = PBXFileReference; lastKnownFileType = sourcecode.swift; path = ShoesView.swift; sourceTree = "<group>"; };
		B1000000000000000000000D /* SettingsView.swift */ = {isa = PBXFileReference; lastKnownFileType = sourcecode.swift; path = SettingsView.swift; sourceTree = "<group>"; };
		B1000000000000000000000E /* Info.plist */ = {isa = PBXFileReference; lastKnownFileType = text.plist.xml; path = Info.plist; sourceTree = "<group>"; };
		B1000000000000000000000F /* HermesRunsTests.swift */ = {isa = PBXFileReference; lastKnownFileType = sourcecode.swift; path = HermesRunsTests.swift; sourceTree = "<group>"; };
		B10000000000000000000010 /* MoreView.swift */ = {isa = PBXFileReference; lastKnownFileType = sourcecode.swift; path = MoreView.swift; sourceTree = "<group>"; };
		B10000000000000000000011 /* AnalysisView.swift */ = {isa = PBXFileReference; lastKnownFileType = sourcecode.swift; path = AnalysisView.swift; sourceTree = "<group>"; };
		B10000000000000000000012 /* RacesView.swift */ = {isa = PBXFileReference; lastKnownFileType = sourcecode.swift; path = RacesView.swift; sourceTree = "<group>"; };
		B10000000000000000000013 /* ScheduleView.swift */ = {isa = PBXFileReference; lastKnownFileType = sourcecode.swift; path = ScheduleView.swift; sourceTree = "<group>"; };
		B10000000000000000000014 /* RewardsView.swift */ = {isa = PBXFileReference; lastKnownFileType = sourcecode.swift; path = RewardsView.swift; sourceTree = "<group>"; };
		B10000000000000000000015 /* ProfileView.swift */ = {isa = PBXFileReference; lastKnownFileType = sourcecode.swift; path = ProfileView.swift; sourceTree = "<group>"; };
		B10000000000000000000016 /* WeatherView.swift */ = {isa = PBXFileReference; lastKnownFileType = sourcecode.swift; path = WeatherView.swift; sourceTree = "<group>"; };
		B10000000000000000000017 /* ForgotPasswordView.swift */ = {isa = PBXFileReference; lastKnownFileType = sourcecode.swift; path = ForgotPasswordView.swift; sourceTree = "<group>"; };
		B10000000000000000000018 /* RunDetailView.swift */ = {isa = PBXFileReference; lastKnownFileType = sourcecode.swift; path = RunDetailView.swift; sourceTree = "<group>"; };
		B10000000000000000000019 /* ShoeEditorView.swift */ = {isa = PBXFileReference; lastKnownFileType = sourcecode.swift; path = ShoeEditorView.swift; sourceTree = "<group>"; };
		B10000000000000000000020 /* RaceEditorView.swift */ = {isa = PBXFileReference; lastKnownFileType = sourcecode.swift; path = RaceEditorView.swift; sourceTree = "<group>"; };
		B10000000000000000000021 /* MuscleTrainingView.swift */ = {isa = PBXFileReference; lastKnownFileType = sourcecode.swift; path = MuscleTrainingView.swift; sourceTree = "<group>"; };
		B10000000000000000000022 /* WellnessView.swift */ = {isa = PBXFileReference; lastKnownFileType = sourcecode.swift; path = WellnessView.swift; sourceTree = "<group>"; };
		B10000000000000000000023 /* StravaSyncView.swift */ = {isa = PBXFileReference; lastKnownFileType = sourcecode.swift; path = StravaSyncView.swift; sourceTree = "<group>"; };
		B10000000000000000000024 /* ImportDataView.swift */ = {isa = PBXFileReference; lastKnownFileType = sourcecode.swift; path = ImportDataView.swift; sourceTree = "<group>"; };
		B10000000000000000000025 /* RaceDetailView.swift */ = {isa = PBXFileReference; lastKnownFileType = sourcecode.swift; path = RaceDetailView.swift; sourceTree = "<group>"; };
		E10000000000000000000001 /* HermesRuns.app */ = {isa = PBXFileReference; explicitFileType = wrapper.application; includeInIndex = 0; path = HermesRuns.app; sourceTree = BUILT_PRODUCTS_DIR; };
		E10000000000000000000002 /* HermesRunsTests.xctest */ = {isa = PBXFileReference; explicitFileType = wrapper.cfbundle; includeInIndex = 0; path = HermesRunsTests.xctest; sourceTree = BUILT_PRODUCTS_DIR; };
/* End PBXFileReference section */

/* Begin PBXFrameworksBuildPhase section */
		F10000000000000000000001 /* Frameworks */ = {isa = PBXFrameworksBuildPhase; buildActionMask = 2147483647; files = (); runOnlyForDeploymentPostprocessing = 0; };
		F10000000000000000000002 /* Frameworks */ = {isa = PBXFrameworksBuildPhase; buildActionMask = 2147483647; files = (); runOnlyForDeploymentPostprocessing = 0; };
/* End PBXFrameworksBuildPhase section */

/* Begin PBXGroup section */
		G10000000000000000000001 = {
			isa = PBXGroup;
			children = (
				G10000000000000000000002 /* HermesRuns */,
				G10000000000000000000003 /* HermesRunsTests */,
				G10000000000000000000004 /* Products */,
			);
			sourceTree = "<group>";
		};
		G10000000000000000000002 /* HermesRuns */ = {
			isa = PBXGroup;
			children = (
				B10000000000000000000001 /* HermesRunsApp.swift */,
				G10000000000000000000005 /* Models */,
				G10000000000000000000006 /* Networking */,
				G10000000000000000000007 /* Storage */,
				G10000000000000000000008 /* Stores */,
				G10000000000000000000009 /* Theme */,
				G1000000000000000000000A /* Views */,
				G1000000000000000000000B /* Resources */,
			);
			path = HermesRuns;
			sourceTree = "<group>";
		};
		G10000000000000000000003 /* HermesRunsTests */ = {isa = PBXGroup; children = (B1000000000000000000000F /* HermesRunsTests.swift */); path = HermesRunsTests; sourceTree = "<group>"; };
		G10000000000000000000004 /* Products */ = {isa = PBXGroup; children = (E10000000000000000000001 /* HermesRuns.app */, E10000000000000000000002 /* HermesRunsTests.xctest */); name = Products; sourceTree = "<group>"; };
		G10000000000000000000005 /* Models */ = {isa = PBXGroup; children = (B10000000000000000000002 /* HermesModels.swift */); path = Models; sourceTree = "<group>"; };
		G10000000000000000000006 /* Networking */ = {isa = PBXGroup; children = (B10000000000000000000003 /* HermesAPIClient.swift */); path = Networking; sourceTree = "<group>"; };
		G10000000000000000000007 /* Storage */ = {isa = PBXGroup; children = (B10000000000000000000004 /* KeychainStore.swift */); path = Storage; sourceTree = "<group>"; };
		G10000000000000000000008 /* Stores */ = {isa = PBXGroup; children = (B10000000000000000000005 /* SessionStore.swift */); path = Stores; sourceTree = "<group>"; };
		G10000000000000000000009 /* Theme */ = {isa = PBXGroup; children = (B10000000000000000000006 /* HermesTheme.swift */); path = Theme; sourceTree = "<group>"; };
		G1000000000000000000000A /* Views */ = {isa = PBXGroup; children = (B10000000000000000000007 /* RootView.swift */, B10000000000000000000008 /* LoginView.swift */, B10000000000000000000009 /* MainTabView.swift */, B1000000000000000000000A /* TodayView.swift */, B1000000000000000000000B /* RunsView.swift */, B1000000000000000000000C /* ShoesView.swift */, B1000000000000000000000D /* SettingsView.swift */, B10000000000000000000010 /* MoreView.swift */, B10000000000000000000011 /* AnalysisView.swift */, B10000000000000000000012 /* RacesView.swift */, B10000000000000000000013 /* ScheduleView.swift */, B10000000000000000000014 /* RewardsView.swift */, B10000000000000000000015 /* ProfileView.swift */, B10000000000000000000016 /* WeatherView.swift */, B10000000000000000000017 /* ForgotPasswordView.swift */, B10000000000000000000018 /* RunDetailView.swift */, B10000000000000000000019 /* ShoeEditorView.swift */, B10000000000000000000020 /* RaceEditorView.swift */, B10000000000000000000021 /* MuscleTrainingView.swift */, B10000000000000000000022 /* WellnessView.swift */, B10000000000000000000023 /* StravaSyncView.swift */, B10000000000000000000024 /* ImportDataView.swift */, B10000000000000000000025 /* RaceDetailView.swift */); path = Views; sourceTree = "<group>"; };
		G1000000000000000000000B /* Resources */ = {isa = PBXGroup; children = (B1000000000000000000000E /* Info.plist */); path = Resources; sourceTree = "<group>"; };
/* End PBXGroup section */

/* Begin PBXNativeTarget section */
		D10000000000000000000001 /* HermesRuns */ = {
			isa = PBXNativeTarget;
			buildConfigurationList = H10000000000000000000001 /* Build configuration list for PBXNativeTarget HermesRuns */;
			buildPhases = (F10000000000000000000003 /* Sources */, F10000000000000000000004 /* Resources */, F10000000000000000000001 /* Frameworks */);
			buildRules = ();
			dependencies = ();
			name = HermesRuns;
			productName = HermesRuns;
			productReference = E10000000000000000000001 /* HermesRuns.app */;
			productType = "com.apple.product-type.application";
		};
		D10000000000000000000002 /* HermesRunsTests */ = {
			isa = PBXNativeTarget;
			buildConfigurationList = H10000000000000000000002 /* Build configuration list for PBXNativeTarget HermesRunsTests */;
			buildPhases = (F10000000000000000000005 /* Sources */, F10000000000000000000006 /* Resources */, F10000000000000000000002 /* Frameworks */);
			buildRules = ();
			dependencies = (J10000000000000000000001 /* PBXTargetDependency */);
			name = HermesRunsTests;
			productName = HermesRunsTests;
			productReference = E10000000000000000000002 /* HermesRunsTests.xctest */;
			productType = "com.apple.product-type.bundle.unit-test";
		};
/* End PBXNativeTarget section */

/* Begin PBXProject section */
		C10000000000000000000002 /* Project object */ = {
			isa = PBXProject;
			attributes = { LastUpgradeCheck = 1600; ORGANIZATIONNAME = Hermes; TargetAttributes = { D10000000000000000000001 = { CreatedOnToolsVersion = 16.0; }; D10000000000000000000002 = { CreatedOnToolsVersion = 16.0; TestTargetID = D10000000000000000000001; }; }; };
			buildConfigurationList = H10000000000000000000003 /* Build configuration list for PBXProject HermesRuns */;
			compatibilityVersion = "Xcode 14.0";
			developmentRegion = en;
			hasScannedForEncodings = 0;
			knownRegions = (en, Base);
			mainGroup = G10000000000000000000001;
			productRefGroup = G10000000000000000000004 /* Products */;
			projectDirPath = "";
			projectRoot = "";
			targets = (D10000000000000000000001, D10000000000000000000002);
		};
/* End PBXProject section */

/* Begin PBXResourcesBuildPhase section */
		F10000000000000000000004 /* Resources */ = {isa = PBXResourcesBuildPhase; buildActionMask = 2147483647; files = (); runOnlyForDeploymentPostprocessing = 0; };
		F10000000000000000000006 /* Resources */ = {isa = PBXResourcesBuildPhase; buildActionMask = 2147483647; files = (); runOnlyForDeploymentPostprocessing = 0; };
/* End PBXResourcesBuildPhase section */

/* Begin PBXSourcesBuildPhase section */
		F10000000000000000000003 /* Sources */ = {isa = PBXSourcesBuildPhase; buildActionMask = 2147483647; files = (A10000000000000000000001, A10000000000000000000002, A10000000000000000000003, A10000000000000000000004, A10000000000000000000005, A10000000000000000000006, A10000000000000000000007, A10000000000000000000008, A10000000000000000000009, A1000000000000000000000A, A1000000000000000000000B, A1000000000000000000000C, A1000000000000000000000D, A1000000000000000000000F, A10000000000000000000010, A10000000000000000000011, A10000000000000000000012, A10000000000000000000013, A10000000000000000000014, A10000000000000000000015, A10000000000000000000016, A10000000000000000000017, A10000000000000000000018, A10000000000000000000019, A10000000000000000000020, A10000000000000000000021, A10000000000000000000022, A10000000000000000000024, A10000000000000000000025); runOnlyForDeploymentPostprocessing = 0; };
		F10000000000000000000005 /* Sources */ = {isa = PBXSourcesBuildPhase; buildActionMask = 2147483647; files = (A1000000000000000000000E); runOnlyForDeploymentPostprocessing = 0; };
/* End PBXSourcesBuildPhase section */

/* Begin PBXTargetDependency section */
		J10000000000000000000001 /* PBXTargetDependency */ = {isa = PBXTargetDependency; target = D10000000000000000000001 /* HermesRuns */; targetProxy = C10000000000000000000001 /* PBXContainerItemProxy */; };
/* End PBXTargetDependency section */

/* Begin XCBuildConfiguration section */
		K10000000000000000000001 /* Debug */ = {isa = XCBuildConfiguration; buildSettings = { ALWAYS_SEARCH_USER_PATHS = NO; DEBUG_INFORMATION_FORMAT = dwarf; IPHONEOS_DEPLOYMENT_TARGET = 16.0; SWIFT_OPTIMIZATION_LEVEL = "-Onone"; }; name = Debug; };
		K10000000000000000000002 /* Release */ = {isa = XCBuildConfiguration; buildSettings = { ALWAYS_SEARCH_USER_PATHS = NO; IPHONEOS_DEPLOYMENT_TARGET = 16.0; SWIFT_COMPILATION_MODE = wholemodule; SWIFT_OPTIMIZATION_LEVEL = "-O"; }; name = Release; };
		K10000000000000000000003 /* App Debug */ = {isa = XCBuildConfiguration; buildSettings = { CODE_SIGN_STYLE = Automatic; CURRENT_PROJECT_VERSION = 1; DEVELOPMENT_TEAM = ""; GENERATE_INFOPLIST_FILE = NO; INFOPLIST_FILE = HermesRuns/Resources/Info.plist; IPHONEOS_DEPLOYMENT_TARGET = 16.0; LD_RUNPATH_SEARCH_PATHS = "$(inherited) @executable_path/Frameworks"; PRODUCT_BUNDLE_IDENTIFIER = com.hermesruns.ios; PRODUCT_NAME = "$(TARGET_NAME)"; SDKROOT = iphoneos; SWIFT_EMIT_LOCSTRINGS = YES; SWIFT_VERSION = 5.0; TARGETED_DEVICE_FAMILY = "1,2"; }; name = Debug; };
		K10000000000000000000004 /* App Release */ = {isa = XCBuildConfiguration; buildSettings = { CODE_SIGN_STYLE = Automatic; CURRENT_PROJECT_VERSION = 1; DEVELOPMENT_TEAM = ""; GENERATE_INFOPLIST_FILE = NO; INFOPLIST_FILE = HermesRuns/Resources/Info.plist; IPHONEOS_DEPLOYMENT_TARGET = 16.0; LD_RUNPATH_SEARCH_PATHS = "$(inherited) @executable_path/Frameworks"; PRODUCT_BUNDLE_IDENTIFIER = com.hermesruns.ios; PRODUCT_NAME = "$(TARGET_NAME)"; SDKROOT = iphoneos; SWIFT_EMIT_LOCSTRINGS = YES; SWIFT_VERSION = 5.0; TARGETED_DEVICE_FAMILY = "1,2"; }; name = Release; };
		K10000000000000000000005 /* Tests Debug */ = {isa = XCBuildConfiguration; buildSettings = { BUNDLE_LOADER = "$(TEST_HOST)"; CODE_SIGN_STYLE = Automatic; CURRENT_PROJECT_VERSION = 1; GENERATE_INFOPLIST_FILE = YES; IPHONEOS_DEPLOYMENT_TARGET = 16.0; PRODUCT_BUNDLE_IDENTIFIER = com.hermesruns.iosTests; PRODUCT_NAME = "$(TARGET_NAME)"; SDKROOT = iphoneos; SWIFT_VERSION = 5.0; TARGETED_DEVICE_FAMILY = "1,2"; TEST_HOST = "$(BUILT_PRODUCTS_DIR)/HermesRuns.app/HermesRuns"; }; name = Debug; };
		K10000000000000000000006 /* Tests Release */ = {isa = XCBuildConfiguration; buildSettings = { BUNDLE_LOADER = "$(TEST_HOST)"; CODE_SIGN_STYLE = Automatic; CURRENT_PROJECT_VERSION = 1; GENERATE_INFOPLIST_FILE = YES; IPHONEOS_DEPLOYMENT_TARGET = 16.0; PRODUCT_BUNDLE_IDENTIFIER = com.hermesruns.iosTests; PRODUCT_NAME = "$(TARGET_NAME)"; SDKROOT = iphoneos; SWIFT_VERSION = 5.0; TARGETED_DEVICE_FAMILY = "1,2"; TEST_HOST = "$(BUILT_PRODUCTS_DIR)/HermesRuns.app/HermesRuns"; }; name = Release; };
/* End XCBuildConfiguration section */

/* Begin XCConfigurationList section */
		H10000000000000000000001 /* Build configuration list for PBXNativeTarget HermesRuns */ = {isa = XCConfigurationList; buildConfigurations = (K10000000000000000000003, K10000000000000000000004); defaultConfigurationIsVisible = 0; defaultConfigurationName = Release; };
		H10000000000000000000002 /* Build configuration list for PBXNativeTarget HermesRunsTests */ = {isa = XCConfigurationList; buildConfigurations = (K10000000000000000000005, K10000000000000000000006); defaultConfigurationIsVisible = 0; defaultConfigurationName = Release; };
		H10000000000000000000003 /* Build configuration list for PBXProject HermesRuns */ = {isa = XCConfigurationList; buildConfigurations = (K10000000000000000000001, K10000000000000000000002); defaultConfigurationIsVisible = 0; defaultConfigurationName = Release; };
/* End XCConfigurationList section */
	};
	rootObject = C10000000000000000000002 /* Project object */;
}
